
Microsoft Visual Studio Solution File, Format Version 12.00
# Visual Studio 14
VisualStudioVersion = 14.0.25420.1
MinimumVisualStudioVersion = 10.0.40219.1
Project("{FAE04EC0-301F-11D3-BF4B-00C04F79EFBC}") = "WebApp", "WebApp\WebApp.csproj", "{D59FFCC9-DA1C-4A3B-880E-C1206ADF877B}"
EndProject
Project("{FAE04EC0-301F-11D3-BF4B-00C04F79EFBC}") = "WebLogic", "WebLogic\WebLogic.csproj", "{C74C167A-8B1A-41C1-9EDD-692D67066EF5}"
EndProject
Global
	GlobalSection(SolutionConfigurationPlatforms) = preSolution
		Debug|Any CPU = Debug|Any CPU
		Release|Any CPU = Release|Any CPU
	EndGlobalSection
	GlobalSection(ProjectConfigurationPlatforms) = postSolution
		{D59FFCC9-DA1C-4A3B-880E-C1206ADF877B}.Debug|Any CPU.ActiveCfg = Debug|Any CPU
		{D59FFCC9-DA1C-4A3B-880E-C1206ADF877B}.Debug|Any CPU.Build.0 = Debug|Any CPU
		{D59FFCC9-DA1C-4A3B-880E-C1206ADF877B}.Release|Any CPU.ActiveCfg = Release|Any CPU
		{D59FFCC9-DA1C-4A3B-880E-C1206ADF877B}.Release|Any CPU.Build.0 = Release|Any CPU
		{C74C167A-8B1A-41C1-9EDD-692D67066EF5}.Debug|Any CPU.ActiveCfg = Debug|Any CPU
		{C74C167A-8B1A-41C1-9EDD-692D67066EF5}.Debug|Any CPU.Build.0 = Debug|Any CPU
		{C74C167A-8B1A-41C1-9EDD-692D67066EF5}.Release|Any CPU.ActiveCfg = Release|Any CPU
		{C74C167A-8B1A-41C1-9EDD-692D67066EF5}.Release|Any CPU.Build.0 = Release|Any CPU
	EndGlobalSection
	GlobalSection(SolutionProperties) = preSolution
		HideSolutionNode = FALSE
	EndGlobalSection
EndGlobal
